// !$*UTF8*$!
{
	archiveVersion = 1;
	classes = {
	};
	objectVersion = 46;
	objects = {

/* Begin PBXBuildFile section */
		E57D22A51CB4AE350065EC35 /* MemeObject.swift in Sources */ = {isa = PBXBuildFile; fileRef = E57D22A41CB4AE350065EC35 /* MemeObject.swift */; };
		E5BBE63B1CAE034E00AD5F07 /* AppDelegate.swift in Sources */ = {isa = PBXBuildFile; fileRef = E5BBE63A1CAE034E00AD5F07 /* AppDelegate.swift */; };
		E5BBE63D1CAE034E00AD5F07 /* ViewController.swift in Sources */ = {isa = PBXBuildFile; fileRef = E5BBE63C1CAE034E00AD5F07 /* ViewController.swift */; };
		E5BBE6401CAE034E00AD5F07 /* Main.storyboard in Resources */ = {isa = PBXBuildFile; fileRef = E5BBE63E1CAE034E00AD5F07 /* Main.storyboard */; };
		E5BBE6451CAE034E00AD5F07 /* LaunchScreen.storyboard in Resources */ = {isa = PBXBuildFile; fileRef = E5BBE6431CAE034E00AD5F07 /* LaunchScreen.storyboard */; };
		E5BBE64F1CAE15BC00AD5F07 /* MemeTextFieldDelegate.swift in Sources */ = {isa = PBXBuildFile; fileRef = E5BBE64E1CAE15BC00AD5F07 /* MemeTextFieldDelegate.swift */; };
/* End PBXBuildFile section */

/* Begin PBXFileReference section */
		E57D22A41CB4AE350065EC35 /* MemeObject.swift */ = {isa = PBXFileReference; fileEncoding = 4; lastKnownFileType = sourcecode.swift; path = MemeObject.swift; sourceTree = "<group>"; };
		E5BBE6371CAE034E00AD5F07 /* MemeMe 1.0.app */ = {isa = PBXFileReference; explicitFileType = wrapper.application; includeInIndex = 0; path = "MemeMe 1.0.app"; sourceTree = BUILT_PRODUCTS_DIR; };
		E5BBE63A1CAE034E00AD5F07 /* AppDelegate.swift */ = {isa = PBXFileReference; lastKnownFileType = sourcecode.swift; path = AppDelegate.swift; sourceTree = "<group>"; };
		E5BBE63C1CAE034E00AD5F07 /* ViewController.swift */ = {isa = PBXFileReference; lastKnownFileType = sourcecode.swift; path = ViewController.swift; sourceTree = "<group>"; };
		E5BBE63F1CAE034E00AD5F07 /* Base */ = {isa = PBXFileReference; lastKnownFileType = file.storyboard; name = Base; path = Base.lproj/Main.storyboard; sourceTree = "<group>"; };
		E5BBE6441CAE034E00AD5F07 /* Base */ = {isa = PBXFileReference; lastKnownFileType = file.storyboard; name = Base; path = Base.lproj/LaunchScreen.storyboard; sourceTree = "<group>"; };
		E5BBE6461CAE034E00AD5F07 /* Info.plist */ = {isa = PBXFileReference; lastKnownFileType = text.plist.xml; path = Info.plist; sourceTree = "<group>"; };
		E5BBE64E1CAE15BC00AD5F07 /* MemeTextFieldDelegate.swift */ = {isa = PBXFileReference; fileEncoding = 4; lastKnownFileType = sourcecode.swift; path = MemeTextFieldDelegate.swift; sourceTree = "<group>"; };
/* End PBXFileReference section */

/* Begin PBXFrameworksBuildPhase section */
		E5BBE6341CAE034E00AD5F07 /* Frameworks */ = {
			isa = PBXFrameworksBuildPhase;
			buildActionMask = 2147483647;
			files = (
			);
			runOnlyForDeploymentPostprocessing = 0;
		};
/* End PBXFrameworksBuildPhase section */

/* Begin PBXGroup section */
		E5BBE62E1CAE034E00AD5F07 = {
			isa = PBXGroup;
			children = (
				E5BBE6391CAE034E00AD5F07 /* MemeMe 1.0 */,
				E5BBE6381CAE034E00AD5F07 /* Products */,
			);
			sourceTree = "<group>";
		};
		E5BBE6381CAE034E00AD5F07 /* Products */ = {
			isa = PBXGroup;
			children = (
				E5BBE6371CAE034E00AD5F07 /* MemeMe 1.0.app */,
			);
			name = Products;
			sourceTree = "<group>";
		};
		E5BBE6391CAE034E00AD5F07 /* MemeMe 1.0 */ = {
			isa = PBXGroup;
			children = (
				E5BBE63A1CAE034E00AD5F07 /* AppDelegate.swift */,
				E5BBE63C1CAE034E00AD5F07 /* ViewController.swift */,
				E5BBE64E1CAE15BC00AD5F07 /* MemeTextFieldDelegate.swift */,
				E5BBE63E1CAE034E00AD5F07 /* Main.storyboard */,
				E5BBE6431CAE034E00AD5F07 /* LaunchScreen.storyboard */,
				E5BBE6461CAE034E00AD5F07 /* Info.plist */,
				E57D22A41CB4AE350065EC35 /* MemeObject.swift */,
			);
			path = "MemeMe 1.0";
			sourceTree = "<group>";
		};
/* End PBXGroup section */

/* Begin PBXNativeTarget section */
		E5BBE6361CAE034E00AD5F07 /* MemeMe 1.0 */ = {
			isa = PBXNativeTarget;
			buildConfigurationList = E5BBE6491CAE034E00AD5F07 /* Build configuration list for PBXNativeTarget "MemeMe 1.0" */;
			buildPhases = (
				E5BBE6331CAE034E00AD5F07 /* Sources */,
				E5BBE6341CAE034E00AD5F07 /* Frameworks */,
				E5BBE6351CAE034E00AD5F07 /* Resources */,
			);
			buildRules = (
			);
			dependencies = (
			);
			name = "MemeMe 1.0";
			productName = "MemeMe 1.0";
			productReference = E5BBE6371CAE034E00AD5F07 /* MemeMe 1.0.app */;
			productType = "com.apple.product-type.application";
		};
/* End PBXNativeTarget section */

/* Begin PBXProject section */
		E5BBE62F1CAE034E00AD5F07 /* Project object */ = {
			isa = PBXProject;
			attributes = {
				LastSwiftUpdateCheck = 0730;
				LastUpgradeCheck = 0730;
				ORGANIZATIONNAME = Udacity;
				TargetAttributes = {
					E5BBE6361CAE034E00AD5F07 = {
						CreatedOnToolsVersion = 7.3;
					};
				};
			};
			buildConfigurationList = E5BBE6321CAE034E00AD5F07 /* Build configuration list for PBXProject "MemeMe 1.0" */;
			compatibilityVersion = "Xcode 3.2";
			developmentRegion = English;
			hasScannedForEncodings = 0;
			knownRegions = (
				en,
				Base,
			);
			mainGroup = E5BBE62E1CAE034E00AD5F07;
			productRefGroup = E5BBE6381CAE034E00AD5F07 /* Products */;
			projectDirPath = "";
			projectRoot = "";
			targets = (
				E5BBE6361CAE034E00AD5F07 /* MemeMe 1.0 */,
			);
		};
/* End PBXProject section */

/* Begin PBXResourcesBuildPhase section */
		E5BBE6351CAE034E00AD5F07 /* Resources */ = {
			isa = PBXResourcesBuildPhase;
			buildActionMask = 2147483647;
			files = (
				E5BBE6451CAE034E00AD5F07 /* LaunchScreen.storyboard in Resources */,
				E5BBE6401CAE034E00AD5F07 /* Main.storyboard in Resources */,
			);
			runOnlyForDeploymentPostprocessing = 0;
		};
/* End PBXResourcesBuildPhase section */

/* Begin PBXSourcesBuildPhase section */
		E5BBE6331CAE034E00AD5F07 /* Sources */ = {
			isa = PBXSourcesBuildPhase;
			buildActionMask = 2147483647;
			files = (
				E5BBE63D1CAE034E00AD5F07 /* ViewController.swift in Sources */,
				E5BBE64F1CAE15BC00AD5F07 /* MemeTextFieldDelegate.swift in Sources */,
				E57D22A51CB4AE350065EC35 /* MemeObject.swift in Sources */,
				E5BBE63B1CAE034E00AD5F07 /* AppDelegate.swift in Sources */,
			);
			runOnlyForDeploymentPostprocessing = 0;
		};
/* End PBXSourcesBuildPhase section */

/* Begin PBXVariantGroup section */
		E5BBE63E1CAE034E00AD5F07 /* Main.storyboard */ = {
			isa = PBXVariantGroup;
			children = (
				E5BBE63F1CAE034E00AD5F07 /* Base */,
			);
			name = Main.storyboard;
			sourceTree = "<group>";
		};
		E5BBE6431CAE034E00AD5F07 /* LaunchScreen.storyboard */ = {
			isa = PBXVariantGroup;
			children = (
				E5BBE6441CAE034E00AD5F07 /* Base */,
			);
			name = LaunchScreen.storyboard;
			sourceTree = "<group>";
		};
/* End PBXVariantGroup section */

/* Begin XCBuildConfiguration section */
		E5BBE6471CAE034E00AD5F07 /* Debug */ = {
			isa = XCBuildConfiguration;
			buildSettings = {
				ALWAYS_SEARCH_USER_PATHS = NO;
				CLANG_ANALYZER_NONNULL = YES;
				CLANG_CXX_LANGUAGE_STANDARD = "gnu++0x";
				CLANG_CXX_LIBRARY = "libc++";
				CLANG_ENABLE_MODULES = YES;
				CLANG_ENABLE_OBJC_ARC = YES;
				CLANG_WARN_BOOL_CONVERSION = YES;
				CLANG_WARN_CONSTANT_CONVERSION = YES;
				CLANG_WARN_DIRECT_OBJC_ISA_USAGE = YES_ERROR;
				CLANG_WARN_EMPTY_BODY = YES;
				CLANG_WARN_ENUM_CONVERSION = YES;
				CLANG_WARN_INT_CONVERSION = YES;
				CLANG_WARN_OBJC_ROOT_CLASS = YES_ERROR;
				CLANG_WARN_UNREACHABLE_CODE = YES;
				CLANG_WARN__DUPLICATE_METHOD_MATCH = YES;
				"CODE_SIGN_IDENTITY[sdk=iphoneos*]" = "iPhone Developer";
				COPY_PHASE_STRIP = NO;
				DEBUG_INFORMATION_FORMAT = dwarf;
				ENABLE_STRICT_OBJC_MSGSEND = YES;
				ENABLE_TESTABILITY = YES;
				GCC_C_LANGUAGE_STANDARD = gnu99;
				GCC_DYNAMIC_NO_PIC = NO;
				GCC_NO_COMMON_BLOCKS = YES;
				GCC_OPTIMIZATION_LEVEL = 0;
				GCC_PREPROCESSOR_DEFINITIONS = (
					"DEBUG=1",
					"$(inherited)",
				);
				GCC_WARN_64_TO_32_BIT_CONVERSION = YES;
				GCC_WARN_ABOUT_RETURN_TYPE = YES_ERROR;
				GCC_WARN_UNDECLARED_SELECTOR = YES;
				GCC_WARN_UNINITIALIZED_AUTOS = YES_AGGRESSIVE;
				GCC_WARN_UNUSED_FUNCTION = YES;
				GCC_WARN_UNUSED_VARIABLE = YES;
				IPHONEOS_DEPLOYMENT_TARGET = 9.3;
				MTL_ENABLE_DEBUG_INFO = YES;
				ONLY_ACTIVE_ARCH = YES;
				SDKROOT = iphoneos;
				SWIFT_OPTIMIZATION_LEVEL = "-Onone";
			};
			name = Debug;
		};
		E5BBE6481CAE034E00AD5F07 /* Release */ = {
			isa = XCBuildConfiguration;
			buildSettings = {
				ALWAYS_SEARCH_USER_PATHS = NO;
				CLANG_ANALYZER_NONNULL = YES;
				CLANG_CXX_LANGUAGE_STANDARD = "gnu++0x";
				CLANG_CXX_LIBRARY = "libc++";
				CLANG_ENABLE_MODULES = YES;
				CLANG_ENABLE_OBJC_ARC = YES;
				CLANG_WARN_BOOL_CONVERSION = YES;
				CLANG_WARN_CONSTANT_CONVERSION = YES;
				CLANG_WARN_DIRECT_OBJC_ISA_USAGE = YES_ERROR;
				CLANG_WARN_EMPTY_BODY = YES;
				CLANG_WARN_ENUM_CONVERSION = YES;
				CLANG_WARN_INT_CONVERSION = YES;
				CLANG_WARN_OBJC_ROOT_CLASS = YES_ERROR;
				CLANG_WARN_UNREACHABLE_CODE = YES;
				CLANG_WARN__DUPLICATE_METHOD_MATCH = YES;
				"CODE_SIGN_IDENTITY[sdk=iphoneos*]" = "iPhone Developer";
				COPY_PHASE_STRIP = NO;
				DEBUG_INFORMATION_FORMAT = "dwarf-with-dsym";
				ENABLE_NS_ASSERTIONS = NO;
				ENABLE_STRICT_OBJC_MSGSEND = YES;
				GCC_C_LANGUAGE_STANDARD = gnu99;
				GCC_NO_COMMON_BLOCKS = YES;
				GCC_WARN_64_TO_32_BIT_CONVERSION = YES;
				GCC_WARN_ABOUT_RETURN_TYPE = YES_ERROR;
				GCC_WARN_UNDECLARED_SELECTOR = YES;
				GCC_WARN_UNINITIALIZED_AUTOS = YES_AGGRESSIVE;
				GCC_WARN_UNUSED_FUNCTION = YES;
				GCC_WARN_UNUSED_VARIABLE = YES;
				IPHONEOS_DEPLOYMENT_TARGET = 9.3;
				MTL_ENABLE_DEBUG_INFO = NO;
				SDKROOT = iphoneos;
				VALIDATE_PRODUCT = YES;
			};
			name = Release;
		};
		E5BBE64A1CAE034E00AD5F07 /* Debug */ = {
			isa = XCBuildConfiguration;
			buildSettings = {
				ASSETCATALOG_COMPILER_APPICON_NAME = AppIcon;
				INFOPLIST_FILE = "MemeMe 1.0/Info.plist";
				LD_RUNPATH_SEARCH_PATHS = "$(inherited) @executable_path/Frameworks";
				PRODUCT_BUNDLE_IDENTIFIER = "com.udacity.MemeMe-1-0";
				PRODUCT_NAME = "$(TARGET_NAME)";
			};
			name = Debug;
		};
		E5BBE64B1CAE034E00AD5F07 /* Release */ = {
			isa = XCBuildConfiguration;
			buildSettings = {
				ASSETCATALOG_COMPILER_APPICON_NAME = AppIcon;
				INFOPLIST_FILE = "MemeMe 1.0/Info.plist";
				LD_RUNPATH_SEARCH_PATHS = "$(inherited) @executable_path/Frameworks";
				PRODUCT_BUNDLE_IDENTIFIER = "com.udacity.MemeMe-1-0";
				PRODUCT_NAME = "$(TARGET_NAME)";
			};
			name = Release;
		};
/* End XCBuildConfiguration section */

/* Begin XCConfigurationList section */
		E5BBE6321CAE034E00AD5F07 /* Build configuration list for PBXProject "MemeMe 1.0" */ = {
			isa = XCConfigurationList;
			buildConfigurations = (
				E5BBE6471CAE034E00AD5F07 /* Debug */,
				E5BBE6481CAE034E00AD5F07 /* Release */,
			);
			defaultConfigurationIsVisible = 0;
			defaultConfigurationName = Release;
		};
		E5BBE6491CAE034E00AD5F07 /* Build configuration list for PBXNativeTarget "MemeMe 1.0" */ = {
			isa = XCConfigurationList;
			buildConfigurations = (
				E5BBE64A1CAE034E00AD5F07 /* Debug */,
				E5BBE64B1CAE034E00AD5F07 /* Release */,
			);
			defaultConfigurationIsVisible = 0;
			defaultConfigurationName = Release;
		};
/* End XCConfigurationList section */
	};
	rootObject = E5BBE62F1CAE034E00AD5F07 /* Project object */;
}
